PODS:
  - Magnet (2.3.0)
  - Realm (3.11.1):
    - Realm/Headers (= 3.11.1)
  - Realm/Headers (3.11.1)
  - RealmSwift (3.11.1):
    - Realm (= 3.11.1)

DEPENDENCIES:
  - Magnet
  - RealmSwift

SPEC REPOS:
  https://github.com/cocoapods/specs.git:
    - Magnet
    - Realm
    - RealmSwift

SPEC CHECKSUMS:
  Magnet: 85344b019d023e26062199aeb5b4ad1f8d41c5df
  Realm: 037c5919b9ceb59d6beed5d3b031096856b119b3
  RealmSwift: c9580133e73ef40ed340401af2dbc9a5790dfea7

PODFILE CHECKSUM: 85336c3b09d74103a56549b1e18b9f9c7c0850f3

COCOAPODS: 1.5.3
