// !$*UTF8*$!
{
	archiveVersion = 1;
	classes = {
	};
	objectVersion = 50;
	objects = {

/* Begin PBXBuildFile section */
		157461042D05042499E8CC2A /* Pods_JumpClip.framework in Frameworks */ = {isa = PBXBuildFile; fileRef = 289D8CF6E48AB0F35C6C42E5 /* Pods_JumpClip.framework */; };
		6DFE9181219AC402009EACF3 /* AppDelegate.swift in Sources */ = {isa = PBXBuildFile; fileRef = 6DFE9180219AC402009EACF3 /* AppDelegate.swift */; };
		6DFE9183219AC403009EACF3 /* Assets.xcassets in Resources */ = {isa = PBXBuildFile; fileRef = 6DFE9182219AC403009EACF3 /* Assets.xcassets */; };
		6DFE9186219AC403009EACF3 /* MainMenu.xib in Resources */ = {isa = PBXBuildFile; fileRef = 6DFE9184219AC403009EACF3 /* MainMenu.xib */; };
/* End PBXBuildFile section */

/* Begin PBXFileReference section */
		170D0FE9F4B3EFD4D5349285 /* Pods-JumpClip.debug.xcconfig */ = {isa = PBXFileReference; includeInIndex = 1; lastKnownFileType = text.xcconfig; name = "Pods-JumpClip.debug.xcconfig"; path = "Pods/Target Support Files/Pods-JumpClip/Pods-JumpClip.debug.xcconfig"; sourceTree = "<group>"; };
		289D8CF6E48AB0F35C6C42E5 /* Pods_JumpClip.framework */ = {isa = PBXFileReference; explicitFileType = wrapper.framework; includeInIndex = 0; path = Pods_JumpClip.framework; sourceTree = BUILT_PRODUCTS_DIR; };
		6DFE917D219AC402009EACF3 /* JumpClip.app */ = {isa = PBXFileReference; explicitFileType = wrapper.application; includeInIndex = 0; path = JumpClip.app; sourceTree = BUILT_PRODUCTS_DIR; };
		6DFE9180219AC402009EACF3 /* AppDelegate.swift */ = {isa = PBXFileReference; lastKnownFileType = sourcecode.swift; path = AppDelegate.swift; sourceTree = "<group>"; };
		6DFE9182219AC403009EACF3 /* Assets.xcassets */ = {isa = PBXFileReference; lastKnownFileType = folder.assetcatalog; path = Assets.xcassets; sourceTree = "<group>"; };
		6DFE9185219AC403009EACF3 /* Base */ = {isa = PBXFileReference; lastKnownFileType = file.xib; name = Base; path = Base.lproj/MainMenu.xib; sourceTree = "<group>"; };
		6DFE9187219AC403009EACF3 /* Info.plist */ = {isa = PBXFileReference; lastKnownFileType = text.plist.xml; path = Info.plist; sourceTree = "<group>"; };
		6DFE9188219AC403009EACF3 /* JumpClip.entitlements */ = {isa = PBXFileReference; lastKnownFileType = text.plist.entitlements; path = JumpClip.entitlements; sourceTree = "<group>"; };
		DD9305A5056008D616434D96 /* Pods-JumpClip.release.xcconfig */ = {isa = PBXFileReference; includeInIndex = 1; lastKnownFileType = text.xcconfig; name = "Pods-JumpClip.release.xcconfig"; path = "Pods/Target Support Files/Pods-JumpClip/Pods-JumpClip.release.xcconfig"; sourceTree = "<group>"; };
/* End PBXFileReference section */

/* Begin PBXFrameworksBuildPhase section */
		6DFE917A219AC402009EACF3 /* Frameworks */ = {
			isa = PBXFrameworksBuildPhase;
			buildActionMask = 2147483647;
			files = (
				157461042D05042499E8CC2A /* Pods_JumpClip.framework in Frameworks */,
			);
			runOnlyForDeploymentPostprocessing = 0;
		};
/* End PBXFrameworksBuildPhase section */

/* Begin PBXGroup section */
		4F5CCB07234D33F61EFB7964 /* Frameworks */ = {
			isa = PBXGroup;
			children = (
				289D8CF6E48AB0F35C6C42E5 /* Pods_JumpClip.framework */,
			);
			name = Frameworks;
			sourceTree = "<group>";
		};
		6DFE9174219AC402009EACF3 = {
			isa = PBXGroup;
			children = (
				6DFE917F219AC402009EACF3 /* JumpClip */,
				6DFE917E219AC402009EACF3 /* Products */,
				D593CE20B672FF66B5B28C45 /* Pods */,
				4F5CCB07234D33F61EFB7964 /* Frameworks */,
			);
			sourceTree = "<group>";
		};
		6DFE917E219AC402009EACF3 /* Products */ = {
			isa = PBXGroup;
			children = (
				6DFE917D219AC402009EACF3 /* JumpClip.app */,
			);
			name = Products;
			sourceTree = "<group>";
		};
		6DFE917F219AC402009EACF3 /* JumpClip */ = {
			isa = PBXGroup;
			children = (
				6DFE9180219AC402009EACF3 /* AppDelegate.swift */,
				6DFE9182219AC403009EACF3 /* Assets.xcassets */,
				6DFE9184219AC403009EACF3 /* MainMenu.xib */,
				6DFE9187219AC403009EACF3 /* Info.plist */,
				6DFE9188219AC403009EACF3 /* JumpClip.entitlements */,
			);
			path = JumpClip;
			sourceTree = "<group>";
		};
		D593CE20B672FF66B5B28C45 /* Pods */ = {
			isa = PBXGroup;
			children = (
				170D0FE9F4B3EFD4D5349285 /* Pods-JumpClip.debug.xcconfig */,
				DD9305A5056008D616434D96 /* Pods-JumpClip.release.xcconfig */,
			);
			name = Pods;
			sourceTree = "<group>";
		};
/* End PBXGroup section */

/* Begin PBXNativeTarget section */
		6DFE917C219AC402009EACF3 /* JumpClip */ = {
			isa = PBXNativeTarget;
			buildConfigurationList = 6DFE918B219AC403009EACF3 /* Build configuration list for PBXNativeTarget "JumpClip" */;
			buildPhases = (
				B911512734D178517EA256C3 /* [CP] Check Pods Manifest.lock */,
				6DFE9179219AC402009EACF3 /* Sources */,
				6DFE917A219AC402009EACF3 /* Frameworks */,
				6DFE917B219AC402009EACF3 /* Resources */,
				A5D82A5135298652C2E74C60 /* [CP] Embed Pods Frameworks */,
			);
			buildRules = (
			);
			dependencies = (
			);
			name = JumpClip;
			productName = JumpClip;
			productReference = 6DFE917D219AC402009EACF3 /* JumpClip.app */;
			productType = "com.apple.product-type.application";
		};
/* End PBXNativeTarget section */

/* Begin PBXProject section */
		6DFE9175219AC402009EACF3 /* Project object */ = {
			isa = PBXProject;
			attributes = {
				LastSwiftUpdateCheck = 1010;
				LastUpgradeCheck = 1010;
				ORGANIZATIONNAME = "灏 孙 ";
				TargetAttributes = {
					6DFE917C219AC402009EACF3 = {
						CreatedOnToolsVersion = 10.1;
					};
				};
			};
			buildConfigurationList = 6DFE9178219AC402009EACF3 /* Build configuration list for PBXProject "JumpClip" */;
			compatibilityVersion = "Xcode 9.3";
			developmentRegion = en;
			hasScannedForEncodings = 0;
			knownRegions = (
				en,
				Base,
			);
			mainGroup = 6DFE9174219AC402009EACF3;
			productRefGroup = 6DFE917E219AC402009EACF3 /* Products */;
			projectDirPath = "";
			projectRoot = "";
			targets = (
				6DFE917C219AC402009EACF3 /* JumpClip */,
			);
		};
/* End PBXProject section */

/* Begin PBXResourcesBuildPhase section */
		6DFE917B219AC402009EACF3 /* Resources */ = {
			isa = PBXResourcesBuildPhase;
			buildActionMask = 2147483647;
			files = (
				6DFE9183219AC403009EACF3 /* Assets.xcassets in Resources */,
				6DFE9186219AC403009EACF3 /* MainMenu.xib in Resources */,
			);
			runOnlyForDeploymentPostprocessing = 0;
		};
/* End PBXResourcesBuildPhase section */

/* Begin PBXShellScriptBuildPhase section */
		A5D82A5135298652C2E74C60 /* [CP] Embed Pods Frameworks */ = {
			isa = PBXShellScriptBuildPhase;
			buildActionMask = 2147483647;
			files = (
			);
			inputFileListPaths = (
			);
			inputPaths = (
				"${SRCROOT}/Pods/Target Support Files/Pods-JumpClip/Pods-JumpClip-frameworks.sh",
				"${BUILT_PRODUCTS_DIR}/Magnet/Magnet.framework",
			);
			name = "[CP] Embed Pods Frameworks";
			outputFileListPaths = (
			);
			outputPaths = (
				"${TARGET_BUILD_DIR}/${FRAMEWORKS_FOLDER_PATH}/Magnet.framework",
			);
			runOnlyForDeploymentPostprocessing = 0;
			shellPath = /bin/sh;
			shellScript = "\"${SRCROOT}/Pods/Target Support Files/Pods-JumpClip/Pods-JumpClip-frameworks.sh\"\n";
			showEnvVarsInLog = 0;
		};
		B911512734D178517EA256C3 /* [CP] Check Pods Manifest.lock */ = {
			isa = PBXShellScriptBuildPhase;
			buildActionMask = 2147483647;
			files = (
			);
			inputFileListPaths = (
			);
			inputPaths = (
				"${PODS_PODFILE_DIR_PATH}/Podfile.lock",
				"${PODS_ROOT}/Manifest.lock",
			);
			name = "[CP] Check Pods Manifest.lock";
			outputFileListPaths = (
			);
			outputPaths = (
				"$(DERIVED_FILE_DIR)/Pods-JumpClip-checkManifestLockResult.txt",
			);
			runOnlyForDeploymentPostprocessing = 0;
			shellPath = /bin/sh;
			shellScript = "diff \"${PODS_PODFILE_DIR_PATH}/Podfile.lock\" \"${PODS_ROOT}/Manifest.lock\" > /dev/null\nif [ $? != 0 ] ; then\n    # print error to STDERR\n    echo \"error: The sandbox is not in sync with the Podfile.lock. Run 'pod install' or update your CocoaPods installation.\" >&2\n    exit 1\nfi\n# This output is used by Xcode 'outputs' to avoid re-running this script phase.\necho \"SUCCESS\" > \"${SCRIPT_OUTPUT_FILE_0}\"\n";
			showEnvVarsInLog = 0;
		};
/* End PBXShellScriptBuildPhase section */

/* Begin PBXSourcesBuildPhase section */
		6DFE9179219AC402009EACF3 /* Sources */ = {
			isa = PBXSourcesBuildPhase;
			buildActionMask = 2147483647;
			files = (
				6DFE9181219AC402009EACF3 /* AppDelegate.swift in Sources */,
			);
			runOnlyForDeploymentPostprocessing = 0;
		};
/* End PBXSourcesBuildPhase section */

/* Begin PBXVariantGroup section */
		6DFE9184219AC403009EACF3 /* MainMenu.xib */ = {
			isa = PBXVariantGroup;
			children = (
				6DFE9185219AC403009EACF3 /* Base */,
			);
			name = MainMenu.xib;
			sourceTree = "<group>";
		};
/* End PBXVariantGroup section */

/* Begin XCBuildConfiguration section */
		6DFE9189219AC403009EACF3 /* Debug */ = {
			isa = XCBuildConfiguration;
			buildSettings = {
				ALWAYS_SEARCH_USER_PATHS = NO;
				CLANG_ANALYZER_NONNULL = YES;
				CLANG_ANALYZER_NUMBER_OBJECT_CONVERSION = YES_AGGRESSIVE;
				CLANG_CXX_LANGUAGE_STANDARD = "gnu++14";
				CLANG_CXX_LIBRARY = "libc++";
				CLANG_ENABLE_MODULES = YES;
				CLANG_ENABLE_OBJC_ARC = YES;
				CLANG_ENABLE_OBJC_WEAK = YES;
				CLANG_WARN_BLOCK_CAPTURE_AUTORELEASING = YES;
				CLANG_WARN_BOOL_CONVERSION = YES;
				CLANG_WARN_COMMA = YES;
				CLANG_WARN_CONSTANT_CONVERSION = YES;
				CLANG_WARN_DEPRECATED_OBJC_IMPLEMENTATIONS = YES;
				CLANG_WARN_DIRECT_OBJC_ISA_USAGE = YES_ERROR;
				CLANG_WARN_DOCUMENTATION_COMMENTS = YES;
				CLANG_WARN_EMPTY_BODY = YES;
				CLANG_WARN_ENUM_CONVERSION = YES;
				CLANG_WARN_INFINITE_RECURSION = YES;
				CLANG_WARN_INT_CONVERSION = YES;
				CLANG_WARN_NON_LITERAL_NULL_CONVERSION = YES;
				CLANG_WARN_OBJC_IMPLICIT_RETAIN_SELF = YES;
				CLANG_WARN_OBJC_LITERAL_CONVERSION = YES;
				CLANG_WARN_OBJC_ROOT_CLASS = YES_ERROR;
				CLANG_WARN_RANGE_LOOP_ANALYSIS = YES;
				CLANG_WARN_STRICT_PROTOTYPES = YES;
				CLANG_WARN_SUSPICIOUS_MOVE = YES;
				CLANG_WARN_UNGUARDED_AVAILABILITY = YES_AGGRESSIVE;
				CLANG_WARN_UNREACHABLE_CODE = YES;
				CLANG_WARN__DUPLICATE_METHOD_MATCH = YES;
				CODE_SIGN_IDENTITY = "-";
				COPY_PHASE_STRIP = NO;
				DEBUG_INFORMATION_FORMAT = dwarf;
				ENABLE_STRICT_OBJC_MSGSEND = YES;
				ENABLE_TESTABILITY = YES;
				GCC_C_LANGUAGE_STANDARD = gnu11;
				GCC_DYNAMIC_NO_PIC = NO;
				GCC_NO_COMMON_BLOCKS = YES;
				GCC_OPTIMIZATION_LEVEL = 0;
				GCC_PREPROCESSOR_DEFINITIONS = (
					"DEBUG=1",
					"$(inherited)",
				);
				GCC_WARN_64_TO_32_BIT_CONVERSION = YES;
				GCC_WARN_ABOUT_RETURN_TYPE = YES_ERROR;
				GCC_WARN_UNDECLARED_SELECTOR = YES;
				GCC_WARN_UNINITIALIZED_AUTOS = YES_AGGRESSIVE;
				GCC_WARN_UNUSED_FUNCTION = YES;
				GCC_WARN_UNUSED_VARIABLE = YES;
				MACOSX_DEPLOYMENT_TARGET = 10.14;
				MTL_ENABLE_DEBUG_INFO = INCLUDE_SOURCE;
				MTL_FAST_MATH = YES;
				ONLY_ACTIVE_ARCH = YES;
				SDKROOT = macosx;
				SWIFT_ACTIVE_COMPILATION_CONDITIONS = DEBUG;
				SWIFT_OPTIMIZATION_LEVEL = "-Onone";
			};
			name = Debug;
		};
		6DFE918A219AC403009EACF3 /* Release */ = {
			isa = XCBuildConfiguration;
			buildSettings = {
				ALWAYS_SEARCH_USER_PATHS = NO;
				CLANG_ANALYZER_NONNULL = YES;
				CLANG_ANALYZER_NUMBER_OBJECT_CONVERSION = YES_AGGRESSIVE;
				CLANG_CXX_LANGUAGE_STANDARD = "gnu++14";
				CLANG_CXX_LIBRARY = "libc++";
				CLANG_ENABLE_MODULES = YES;
				CLANG_ENABLE_OBJC_ARC = YES;
				CLANG_ENABLE_OBJC_WEAK = YES;
				CLANG_WARN_BLOCK_CAPTURE_AUTORELEASING = YES;
				CLANG_WARN_BOOL_CONVERSION = YES;
				CLANG_WARN_COMMA = YES;
				CLANG_WARN_CONSTANT_CONVERSION = YES;
				CLANG_WARN_DEPRECATED_OBJC_IMPLEMENTATIONS = YES;
				CLANG_WARN_DIRECT_OBJC_ISA_USAGE = YES_ERROR;
				CLANG_WARN_DOCUMENTATION_COMMENTS = YES;
				CLANG_WARN_EMPTY_BODY = YES;
				CLANG_WARN_ENUM_CONVERSION = YES;
				CLANG_WARN_INFINITE_RECURSION = YES;
				CLANG_WARN_INT_CONVERSION = YES;
				CLANG_WARN_NON_LITERAL_NULL_CONVERSION = YES;
				CLANG_WARN_OBJC_IMPLICIT_RETAIN_SELF = YES;
				CLANG_WARN_OBJC_LITERAL_CONVERSION = YES;
				CLANG_WARN_OBJC_ROOT_CLASS = YES_ERROR;
				CLANG_WARN_RANGE_LOOP_ANALYSIS = YES;
				CLANG_WARN_STRICT_PROTOTYPES = YES;
				CLANG_WARN_SUSPICIOUS_MOVE = YES;
				CLANG_WARN_UNGUARDED_AVAILABILITY = YES_AGGRESSIVE;
				CLANG_WARN_UNREACHABLE_CODE = YES;
				CLANG_WARN__DUPLICATE_METHOD_MATCH = YES;
				CODE_SIGN_IDENTITY = "-";
				COPY_PHASE_STRIP = NO;
				DEBUG_INFORMATION_FORMAT = "dwarf-with-dsym";
				ENABLE_NS_ASSERTIONS = NO;
				ENABLE_STRICT_OBJC_MSGSEND = YES;
				GCC_C_LANGUAGE_STANDARD = gnu11;
				GCC_NO_COMMON_BLOCKS = YES;
				GCC_WARN_64_TO_32_BIT_CONVERSION = YES;
				GCC_WARN_ABOUT_RETURN_TYPE = YES_ERROR;
				GCC_WARN_UNDECLARED_SELECTOR = YES;
				GCC_WARN_UNINITIALIZED_AUTOS = YES_AGGRESSIVE;
				GCC_WARN_UNUSED_FUNCTION = YES;
				GCC_WARN_UNUSED_VARIABLE = YES;
				MACOSX_DEPLOYMENT_TARGET = 10.14;
				MTL_ENABLE_DEBUG_INFO = NO;
				MTL_FAST_MATH = YES;
				SDKROOT = macosx;
				SWIFT_COMPILATION_MODE = wholemodule;
				SWIFT_OPTIMIZATION_LEVEL = "-O";
			};
			name = Release;
		};
		6DFE918C219AC403009EACF3 /* Debug */ = {
			isa = XCBuildConfiguration;
			baseConfigurationReference = 170D0FE9F4B3EFD4D5349285 /* Pods-JumpClip.debug.xcconfig */;
			buildSettings = {
				ASSETCATALOG_COMPILER_APPICON_NAME = AppIcon;
				CODE_SIGN_ENTITLEMENTS = JumpClip/JumpClip.entitlements;
				CODE_SIGN_STYLE = Automatic;
				COMBINE_HIDPI_IMAGES = YES;
				INFOPLIST_FILE = JumpClip/Info.plist;
				LD_RUNPATH_SEARCH_PATHS = (
					"$(inherited)",
					"@executable_path/../Frameworks",
				);
				MACOSX_DEPLOYMENT_TARGET = 10.10;
				PRODUCT_BUNDLE_IDENTIFIER = com.ssyzh.JumpClip;
				PRODUCT_NAME = "$(TARGET_NAME)";
				SWIFT_VERSION = 4.2;
			};
			name = Debug;
		};
		6DFE918D219AC403009EACF3 /* Release */ = {
			isa = XCBuildConfiguration;
			baseConfigurationReference = DD9305A5056008D616434D96 /* Pods-JumpClip.release.xcconfig */;
			buildSettings = {
				ASSETCATALOG_COMPILER_APPICON_NAME = AppIcon;
				CODE_SIGN_ENTITLEMENTS = JumpClip/JumpClip.entitlements;
				CODE_SIGN_STYLE = Automatic;
				COMBINE_HIDPI_IMAGES = YES;
				INFOPLIST_FILE = JumpClip/Info.plist;
				LD_RUNPATH_SEARCH_PATHS = (
					"$(inherited)",
					"@executable_path/../Frameworks",
				);
				MACOSX_DEPLOYMENT_TARGET = 10.10;
				PRODUCT_BUNDLE_IDENTIFIER = com.ssyzh.JumpClip;
				PRODUCT_NAME = "$(TARGET_NAME)";
				SWIFT_VERSION = 4.2;
			};
			name = Release;
		};
/* End XCBuildConfiguration section */

/* Begin XCConfigurationList section */
		6DFE9178219AC402009EACF3 /* Build configuration list for PBXProject "JumpClip" */ = {
			isa = XCConfigurationList;
			buildConfigurations = (
				6DFE9189219AC403009EACF3 /* Debug */,
				6DFE918A219AC403009EACF3 /* Release */,
			);
			defaultConfigurationIsVisible = 0;
			defaultConfigurationName = Release;
		};
		6DFE918B219AC403009EACF3 /* Build configuration list for PBXNativeTarget "JumpClip" */ = {
			isa = XCConfigurationList;
			buildConfigurations = (
				6DFE918C219AC403009EACF3 /* Debug */,
				6DFE918D219AC403009EACF3 /* Release */,
			);
			defaultConfigurationIsVisible = 0;
			defaultConfigurationName = Release;
		};
/* End XCConfigurationList section */
	};
	rootObject = 6DFE9175219AC402009EACF3 /* Project object */;
}
